
Microsoft Visual Studio Solution File, Format Version 12.00
# Visual Studio Version 17
VisualStudioVersion = 17.14.37111.16 d17.14
MinimumVisualStudioVersion = 10.0.40219.1
Project("{FAE04EC0-301F-11D3-BF4B-00C04F79EFBC}") = "FactoryDesignPattern", "FactoryDesignPattern.csproj", "{EC83EAD1-6DE2-4469-B76E-E3863EFE00AD}"
EndProject
Global
	GlobalSection(SolutionConfigurationPlatforms) = preSolution
		Debug|Any CPU = Debug|Any CPU
		Release|Any CPU = Release|Any CPU
	EndGlobalSection
	GlobalSection(ProjectConfigurationPlatforms) = postSolution
		{EC83EAD1-6DE2-4469-B76E-E3863EFE00AD}.Debug|Any CPU.ActiveCfg = Debug|Any CPU
		{EC83EAD1-6DE2-4469-B76E-E3863EFE00AD}.Debug|Any CPU.Build.0 = Debug|Any CPU
		{EC83EAD1-6DE2-4469-B76E-E3863EFE00AD}.Release|Any CPU.ActiveCfg = Release|Any CPU
		{EC83EAD1-6DE2-4469-B76E-E3863EFE00AD}.Release|Any CPU.Build.0 = Release|Any CPU
	EndGlobalSection
	GlobalSection(SolutionProperties) = preSolution
		HideSolutionNode = FALSE
	EndGlobalSection
	GlobalSection(ExtensibilityGlobals) = postSolution
		SolutionGuid = {1E4624A6-1DD9-44E8-A9D6-B61D0BECD320}
	EndGlobalSection
EndGlobal
